
Microsoft Visual Studio Solution File, Format Version 9.00
# Visual Studio 2005
Project("{8BC9CEB8-8B4A-11D0-8D11-00A0C91BC942}") = "CxImage", "cximage\cximage.vcproj", "{448572D6-C8C7-48B0-BE5F-C21AB25FC58A}"
EndProject
Project("{8BC9CEB8-8B4A-11D0-8D11-00A0C91BC942}") = "CxImageCrtDll", "CxImage\CxImageDLL\CxImageCrtDll.vcproj", "{C0232E95-2D41-4E7F-97E4-75C40EFF183F}"
	ProjectSection(ProjectDependencies) = postProject
		{58D77299-CDDE-4151-8866-1E4E4484003E} = {58D77299-CDDE-4151-8866-1E4E4484003E}
		{0C876F20-2006-4DDB-AE35-1C19C40AA7D7} = {0C876F20-2006-4DDB-AE35-1C19C40AA7D7}
		{DA21E78B-C41C-4E77-8C3E-E5AFF2433447} = {DA21E78B-C41C-4E77-8C3E-E5AFF2433447}
		{7EE6E516-2B9C-4866-8ED2-A2D044079773} = {7EE6E516-2B9C-4866-8ED2-A2D044079773}
		{B4575E3C-1551-4CBA-95C8-B8E9EF549271} = {B4575E3C-1551-4CBA-95C8-B8E9EF549271}
		{0B62FBE3-BB9D-4516-B007-90982C3663AB} = {0B62FBE3-BB9D-4516-B007-90982C3663AB}
		{59D66051-F71A-4FF2-A407-242412C79982} = {59D66051-F71A-4FF2-A407-242412C79982}
	EndProjectSection
EndProject
Project("{8BC9CEB8-8B4A-11D0-8D11-00A0C91BC942}") = "CxImageMfcDll", "CxImage\CxImageDLL\cximagemfcdll.vcproj", "{AF0C22CF-371B-46A9-AACF-2CE0FF3785C6}"
	ProjectSection(ProjectDependencies) = postProject
		{58D77299-CDDE-4151-8866-1E4E4484003E} = {58D77299-CDDE-4151-8866-1E4E4484003E}
		{0C876F20-2006-4DDB-AE35-1C19C40AA7D7} = {0C876F20-2006-4DDB-AE35-1C19C40AA7D7}
		{DA21E78B-C41C-4E77-8C3E-E5AFF2433447} = {DA21E78B-C41C-4E77-8C3E-E5AFF2433447}
		{7EE6E516-2B9C-4866-8ED2-A2D044079773} = {7EE6E516-2B9C-4866-8ED2-A2D044079773}
		{B4575E3C-1551-4CBA-95C8-B8E9EF549271} = {B4575E3C-1551-4CBA-95C8-B8E9EF549271}
		{0B62FBE3-BB9D-4516-B007-90982C3663AB} = {0B62FBE3-BB9D-4516-B007-90982C3663AB}
		{59D66051-F71A-4FF2-A407-242412C79982} = {59D66051-F71A-4FF2-A407-242412C79982}
	EndProjectSection
EndProject
Project("{8BC9CEB8-8B4A-11D0-8D11-00A0C91BC942}") = "demo", "demo\demo.vcproj", "{AEFA3870-F349-44B4-A48C-C0B9C271FE00}"
	ProjectSection(ProjectDependencies) = postProject
		{58D77299-CDDE-4151-8866-1E4E4484003E} = {58D77299-CDDE-4151-8866-1E4E4484003E}
		{59D66051-F71A-4FF2-A407-242412C79982} = {59D66051-F71A-4FF2-A407-242412C79982}
		{0B62FBE3-BB9D-4516-B007-90982C3663AB} = {0B62FBE3-BB9D-4516-B007-90982C3663AB}
		{0C876F20-2006-4DDB-AE35-1C19C40AA7D7} = {0C876F20-2006-4DDB-AE35-1C19C40AA7D7}
		{DA21E78B-C41C-4E77-8C3E-E5AFF2433447} = {DA21E78B-C41C-4E77-8C3E-E5AFF2433447}
		{7EE6E516-2B9C-4866-8ED2-A2D044079773} = {7EE6E516-2B9C-4866-8ED2-A2D044079773}
		{B4575E3C-1551-4CBA-95C8-B8E9EF549271} = {B4575E3C-1551-4CBA-95C8-B8E9EF549271}
		{448572D6-C8C7-48B0-BE5F-C21AB25FC58A} = {448572D6-C8C7-48B0-BE5F-C21AB25FC58A}
	EndProjectSection
EndProject
Project("{8BC9CEB8-8B4A-11D0-8D11-00A0C91BC942}") = "demoDll", "demo\demoDLL.vcproj", "{03AD812D-9D6F-4C15-BEA1-DF60E90C0C78}"
	ProjectSection(ProjectDependencies) = postProject
		{C0232E95-2D41-4E7F-97E4-75C40EFF183F} = {C0232E95-2D41-4E7F-97E4-75C40EFF183F}
	EndProjectSection
EndProject
Project("{8BC9CEB8-8B4A-11D0-8D11-00A0C91BC942}") = "j2k", "j2k\j2k.vcproj", "{59D66051-F71A-4FF2-A407-242412C79982}"
EndProject
Project("{8BC9CEB8-8B4A-11D0-8D11-00A0C91BC942}") = "jasper", "jasper\jasper.vcproj", "{58D77299-CDDE-4151-8866-1E4E4484003E}"
EndProject
Project("{8BC9CEB8-8B4A-11D0-8D11-00A0C91BC942}") = "jbig", "jbig\jbig.vcproj", "{0B62FBE3-BB9D-4516-B007-90982C3663AB}"
EndProject
Project("{8BC9CEB8-8B4A-11D0-8D11-00A0C91BC942}") = "jpeg", "jpeg\Jpeg.vcproj", "{B4575E3C-1551-4CBA-95C8-B8E9EF549271}"
EndProject
Project("{8BC9CEB8-8B4A-11D0-8D11-00A0C91BC942}") = "png", "png\png.vcproj", "{7EE6E516-2B9C-4866-8ED2-A2D044079773}"
EndProject
Project("{8BC9CEB8-8B4A-11D0-8D11-00A0C91BC942}") = "tiff", "tiff\Tiff.vcproj", "{DA21E78B-C41C-4E77-8C3E-E5AFF2433447}"
EndProject
Project("{8BC9CEB8-8B4A-11D0-8D11-00A0C91BC942}") = "zlib", "zlib\zlib.vcproj", "{0C876F20-2006-4DDB-AE35-1C19C40AA7D7}"
EndProject
Global
	GlobalSection(SolutionConfigurationPlatforms) = preSolution
		Debug|Win32 = Debug|Win32
		Release|Win32 = Release|Win32
	EndGlobalSection
	GlobalSection(ProjectConfigurationPlatforms) = postSolution
		{448572D6-C8C7-48B0-BE5F-C21AB25FC58A}.Debug|Win32.ActiveCfg = Debug|Win32
		{448572D6-C8C7-48B0-BE5F-C21AB25FC58A}.Debug|Win32.Build.0 = Debug|Win32
		{448572D6-C8C7-48B0-BE5F-C21AB25FC58A}.Release|Win32.ActiveCfg = Release|Win32
		{448572D6-C8C7-48B0-BE5F-C21AB25FC58A}.Release|Win32.Build.0 = Release|Win32
		{C0232E95-2D41-4E7F-97E4-75C40EFF183F}.Debug|Win32.ActiveCfg = Debug|Win32
		{C0232E95-2D41-4E7F-97E4-75C40EFF183F}.Debug|Win32.Build.0 = Debug|Win32
		{C0232E95-2D41-4E7F-97E4-75C40EFF183F}.Release|Win32.ActiveCfg = Release|Win32
		{C0232E95-2D41-4E7F-97E4-75C40EFF183F}.Release|Win32.Build.0 = Release|Win32
		{AF0C22CF-371B-46A9-AACF-2CE0FF3785C6}.Debug|Win32.ActiveCfg = Debug|Win32
		{AF0C22CF-371B-46A9-AACF-2CE0FF3785C6}.Debug|Win32.Build.0 = Debug|Win32
		{AF0C22CF-371B-46A9-AACF-2CE0FF3785C6}.Release|Win32.ActiveCfg = Release|Win32
		{AF0C22CF-371B-46A9-AACF-2CE0FF3785C6}.Release|Win32.Build.0 = Release|Win32
		{AEFA3870-F349-44B4-A48C-C0B9C271FE00}.Debug|Win32.ActiveCfg = Debug|Win32
		{AEFA3870-F349-44B4-A48C-C0B9C271FE00}.Debug|Win32.Build.0 = Debug|Win32
		{AEFA3870-F349-44B4-A48C-C0B9C271FE00}.Release|Win32.ActiveCfg = Release|Win32
		{AEFA3870-F349-44B4-A48C-C0B9C271FE00}.Release|Win32.Build.0 = Release|Win32
		{03AD812D-9D6F-4C15-BEA1-DF60E90C0C78}.Debug|Win32.ActiveCfg = Debug|Win32
		{03AD812D-9D6F-4C15-BEA1-DF60E90C0C78}.Debug|Win32.Build.0 = Debug|Win32
		{03AD812D-9D6F-4C15-BEA1-DF60E90C0C78}.Release|Win32.ActiveCfg = Release|Win32
		{03AD812D-9D6F-4C15-BEA1-DF60E90C0C78}.Release|Win32.Build.0 = Release|Win32
		{59D66051-F71A-4FF2-A407-242412C79982}.Debug|Win32.ActiveCfg = Debug|Win32
		{59D66051-F71A-4FF2-A407-242412C79982}.Debug|Win32.Build.0 = Debug|Win32
		{59D66051-F71A-4FF2-A407-242412C79982}.Release|Win32.ActiveCfg = Release|Win32
		{59D66051-F71A-4FF2-A407-242412C79982}.Release|Win32.Build.0 = Release|Win32
		{58D77299-CDDE-4151-8866-1E4E4484003E}.Debug|Win32.ActiveCfg = Debug|Win32
		{58D77299-CDDE-4151-8866-1E4E4484003E}.Debug|Win32.Build.0 = Debug|Win32
		{58D77299-CDDE-4151-8866-1E4E4484003E}.Release|Win32.ActiveCfg = Release|Win32
		{58D77299-CDDE-4151-8866-1E4E4484003E}.Release|Win32.Build.0 = Release|Win32
		{0B62FBE3-BB9D-4516-B007-90982C3663AB}.Debug|Win32.ActiveCfg = Debug|Win32
		{0B62FBE3-BB9D-4516-B007-90982C3663AB}.Debug|Win32.Build.0 = Debug|Win32
		{0B62FBE3-BB9D-4516-B007-90982C3663AB}.Release|Win32.ActiveCfg = Release|Win32
		{0B62FBE3-BB9D-4516-B007-90982C3663AB}.Release|Win32.Build.0 = Release|Win32
		{B4575E3C-1551-4CBA-95C8-B8E9EF549271}.Debug|Win32.ActiveCfg = Debug|Win32
		{B4575E3C-1551-4CBA-95C8-B8E9EF549271}.Debug|Win32.Build.0 = Debug|Win32
		{B4575E3C-1551-4CBA-95C8-B8E9EF549271}.Release|Win32.ActiveCfg = Release|Win32
		{B4575E3C-1551-4CBA-95C8-B8E9EF549271}.Release|Win32.Build.0 = Release|Win32
		{7EE6E516-2B9C-4866-8ED2-A2D044079773}.Debug|Win32.ActiveCfg = Debug|Win32
		{7EE6E516-2B9C-4866-8ED2-A2D044079773}.Debug|Win32.Build.0 = Debug|Win32
		{7EE6E516-2B9C-4866-8ED2-A2D044079773}.Release|Win32.ActiveCfg = Release|Win32
		{7EE6E516-2B9C-4866-8ED2-A2D044079773}.Release|Win32.Build.0 = Release|Win32
		{DA21E78B-C41C-4E77-8C3E-E5AFF2433447}.Debug|Win32.ActiveCfg = Debug|Win32
		{DA21E78B-C41C-4E77-8C3E-E5AFF2433447}.Debug|Win32.Build.0 = Debug|Win32
		{DA21E78B-C41C-4E77-8C3E-E5AFF2433447}.Release|Win32.ActiveCfg = Release|Win32
		{DA21E78B-C41C-4E77-8C3E-E5AFF2433447}.Release|Win32.Build.0 = Release|Win32
		{0C876F20-2006-4DDB-AE35-1C19C40AA7D7}.Debug|Win32.ActiveCfg = Debug|Win32
		{0C876F20-2006-4DDB-AE35-1C19C40AA7D7}.Debug|Win32.Build.0 = Debug|Win32
		{0C876F20-2006-4DDB-AE35-1C19C40AA7D7}.Release|Win32.ActiveCfg = Release|Win32
		{0C876F20-2006-4DDB-AE35-1C19C40AA7D7}.Release|Win32.Build.0 = Release|Win32
	EndGlobalSection
	GlobalSection(SolutionProperties) = preSolution
		HideSolutionNode = FALSE
	EndGlobalSection
EndGlobal
